
Microsoft Visual Studio Solution File, Format Version 12.00
# Visual Studio Version 17
VisualStudioVersion = 17.12.35707.178
MinimumVisualStudioVersion = 10.0.40219.1
Project("{FAE04EC0-301F-11D3-BF4B-00C04F79EFBC}") = "LruCache", "LruCache\src\LruCache.csproj", "{C4DB89B9-48C8-4377-8063-8500416E1097}"
EndProject
Project("{2150E333-8FDC-42A3-9474-1A3956D46DE8}") = "src", "src", "{B158A00E-88DF-47FF-A525-C0FD54847E65}"
EndProject
Project("{2150E333-8FDC-42A3-9474-1A3956D46DE8}") = "tests", "tests", "{1FF01FFA-5A95-43E5-A135-F6EEFFB7E84B}"
EndProject
Project("{FAE04EC0-301F-11D3-BF4B-00C04F79EFBC}") = "LruCache.Tests", "LruCache\tests\LruCache.Tests.csproj", "{13365D0F-9AB5-4CAC-8E74-C71AD6847BD5}"
EndProject
Global
	GlobalSection(SolutionConfigurationPlatforms) = preSolution
		Debug|Any CPU = Debug|Any CPU
		Release|Any CPU = Release|Any CPU
	EndGlobalSection
	GlobalSection(ProjectConfigurationPlatforms) = postSolution
		{C4DB89B9-48C8-4377-8063-8500416E1097}.Debug|Any CPU.ActiveCfg = Debug|Any CPU
		{C4DB89B9-48C8-4377-8063-8500416E1097}.Debug|Any CPU.Build.0 = Debug|Any CPU
		{C4DB89B9-48C8-4377-8063-8500416E1097}.Release|Any CPU.ActiveCfg = Release|Any CPU
		{C4DB89B9-48C8-4377-8063-8500416E1097}.Release|Any CPU.Build.0 = Release|Any CPU
		{13365D0F-9AB5-4CAC-8E74-C71AD6847BD5}.Debug|Any CPU.ActiveCfg = Debug|Any CPU
		{13365D0F-9AB5-4CAC-8E74-C71AD6847BD5}.Debug|Any CPU.Build.0 = Debug|Any CPU
		{13365D0F-9AB5-4CAC-8E74-C71AD6847BD5}.Release|Any CPU.ActiveCfg = Release|Any CPU
		{13365D0F-9AB5-4CAC-8E74-C71AD6847BD5}.Release|Any CPU.Build.0 = Release|Any CPU
	EndGlobalSection
	GlobalSection(SolutionProperties) = preSolution
		HideSolutionNode = FALSE
	EndGlobalSection
	GlobalSection(NestedProjects) = preSolution
		{C4DB89B9-48C8-4377-8063-8500416E1097} = {B158A00E-88DF-47FF-A525-C0FD54847E65}
		{13365D0F-9AB5-4CAC-8E74-C71AD6847BD5} = {1FF01FFA-5A95-43E5-A135-F6EEFFB7E84B}
	EndGlobalSection
EndGlobal
